
Microsoft Visual Studio Solution File, Format Version 12.00
# Visual Studio Version 16
VisualStudioVersion = 16.0.29926.136
MinimumVisualStudioVersion = 10.0.40219.1
Project("{9A19103F-16F7-4668-BE54-9A1E7A4F7556}") = "LibraryWebApp", "LibraryWebApp\LibraryWebApp.csproj", "{417B58C4-DBCB-4C6A-8916-575F3C4008F8}"
EndProject
Global
	GlobalSection(SolutionConfigurationPlatforms) = preSolution
		Debug|Any CPU = Debug|Any CPU
		Release|Any CPU = Release|Any CPU
	EndGlobalSection
	GlobalSection(ProjectConfigurationPlatforms) = postSolution
		{417B58C4-DBCB-4C6A-8916-575F3C4008F8}.Debug|Any CPU.ActiveCfg = Debug|Any CPU
		{417B58C4-DBCB-4C6A-8916-575F3C4008F8}.Debug|Any CPU.Build.0 = Debug|Any CPU
		{417B58C4-DBCB-4C6A-8916-575F3C4008F8}.Release|Any CPU.ActiveCfg = Release|Any CPU
		{417B58C4-DBCB-4C6A-8916-575F3C4008F8}.Release|Any CPU.Build.0 = Release|Any CPU
	EndGlobalSection
	GlobalSection(SolutionProperties) = preSolution
		HideSolutionNode = FALSE
	EndGlobalSection
	GlobalSection(ExtensibilityGlobals) = postSolution
		SolutionGuid = {956C5B2E-C474-41F1-A85C-4B17C5F83660}
	EndGlobalSection
EndGlobal
